<?xml version="1.0" encoding="UTF-8" standalone="yes" ?>
<CodeBlocks_project_file>
	<FileVersion major="1" minor="6" />
	<Project>
		<Option title="GraphicsProject" />
		<Option pch_mode="2" />
		<Option compiler="gcc" />
		<Build>
			<Target title="Debug">
				<Option output="bin/Debug/GraphicsProject" prefix_auto="1" extension_auto="1" />
				<Option object_output="obj/Debug/" />
				<Option type="1" />
				<Option compiler="gcc" />
				<Compiler>
					<Add option="-g" />
					<Add directory="include" />
					<Add directory="SFML-2.4.2/include" />
				</Compiler>
			</Target>
			<Target title="Release">
				<Option output="bin/Release/GraphicsProject" prefix_auto="1" extension_auto="1" />
				<Option object_output="obj/Release/" />
				<Option type="1" />
				<Option compiler="gcc" />
				<Compiler>
					<Add option="-fexpensive-optimizations" />
					<Add option="-O2" />
					<Add option="-g" />
					<Add directory="include" />
				</Compiler>
			</Target>
		</Build>
		<Compiler>
			<Add option="-Wall" />
			<Add option="-fexceptions" />
			<Add option="-DSFML_STATIC" />
			<Add directory="include" />
			<Add directory="SFML-2.4.2/include" />
		</Compiler>
		<Linker>
			<Add library="lib/libgraphics.a" />
			<Add library="lib/libgraphicsd.a" />
			<Add library="lib/libsdl_ttf.a" />
			<Add library="lib/libSDL.dll.a" />
			<Add library="lib/libSDLmain.a" />
			<Add library="SFML-2.4.2/lib/libsfml-system-s.a" />
			<Add library="SFML-2.4.2/lib/libopenal32.a" />
			<Add library="SFML-2.4.2/lib/libFLAC.a" />
			<Add library="SFML-2.4.2/lib/libvorbisenc.a" />
			<Add library="SFML-2.4.2/lib/libvorbisfile.a" />
			<Add library="SFML-2.4.2/lib/libvorbis.a" />
			<Add library="SFML-2.4.2/lib/libogg.a" />
			<Add library="SFML-2.4.2/lib/libsfml-audio-d.a" />
			<Add library="SFML-2.4.2/lib/libfreetype.a" />
			<Add library="SFML-2.4.2/lib/libjpeg.a" />
			<Add library="SFML-2.4.2/lib/libsfml-audio.a" />
			<Add library="SFML-2.4.2/lib/libsfml-audio-s.a" />
			<Add library="SFML-2.4.2/lib/libsfml-audio-s-d.a" />
			<Add library="SFML-2.4.2/lib/libsfml-graphics.a" />
			<Add library="SFML-2.4.2/lib/libsfml-graphics-d.a" />
			<Add library="SFML-2.4.2/lib/libsfml-graphics-s.a" />
			<Add library="SFML-2.4.2/lib/libsfml-graphics-s-d.a" />
			<Add library="SFML-2.4.2/lib/libsfml-main.a" />
			<Add library="SFML-2.4.2/lib/libsfml-main-d.a" />
			<Add library="SFML-2.4.2/lib/libsfml-network.a" />
			<Add library="SFML-2.4.2/lib/libsfml-network-d.a" />
			<Add library="SFML-2.4.2/lib/libsfml-network-s.a" />
			<Add library="SFML-2.4.2/lib/libsfml-network-s-d.a" />
			<Add library="SFML-2.4.2/lib/libsfml-system.a" />
			<Add library="SFML-2.4.2/lib/libsfml-system-d.a" />
			<Add library="SFML-2.4.2/lib/libsfml-system-s-d.a" />
			<Add library="SFML-2.4.2/lib/libsfml-window.a" />
			<Add library="SFML-2.4.2/lib/libsfml-window-d.a" />
			<Add library="SFML-2.4.2/lib/libsfml-window-s.a" />
			<Add library="SFML-2.4.2/lib/libsfml-window-s-d.a" />
			<Add directory="lib" />
			<Add directory="SFML-2.4.2/lib" />
		</Linker>
		<Unit filename="Color.h" />
		<Unit filename="Enemy.h" />
		<Unit filename="EnemyTypes.h" />
		<Unit filename="Game.cpp" />
		<Unit filename="Game.h">
			<Option target="Debug" />
		</Unit>
		<Unit filename="Logger.h" />
		<Unit filename="Mario.cpp" />
		<Unit filename="Mario.h">
			<Option target="Debug" />
		</Unit>
		<Unit filename="MusicBox.h" />
		<Unit filename="Position.h">
			<Option target="Debug" />
		</Unit>
		<Unit filename="PowerUps.h" />
		<Unit filename="Terrain.cpp" />
		<Unit filename="Terrain.h" />
		<Unit filename="TextureTypes.h" />
		<Unit filename="main.cpp" />
		<Extensions>
			<code_completion />
			<debugger />
			<envvars />
		</Extensions>
	</Project>
</CodeBlocks_project_file>
